// !$*UTF8*$!
{
	archiveVersion = 1;
	classes = {
	};
	objectVersion = 56;
	objects = {

/* Begin PBXBuildFile section */
		20076E0B2C8777A900D79D60 /* AppDelegate.swift in Sources */ = {isa = PBXBuildFile; fileRef = 20076E0A2C8777A900D79D60 /* AppDelegate.swift */; };
		20076E0D2C8777A900D79D60 /* SceneDelegate.swift in Sources */ = {isa = PBXBuildFile; fileRef = 20076E0C2C8777A900D79D60 /* SceneDelegate.swift */; };
		20076E122C8777A900D79D60 /* Base in Resources */ = {isa = PBXBuildFile; fileRef = 20076E112C8777A900D79D60 /* Base */; };
		20076E142C8777AA00D79D60 /* Assets.xcassets in Resources */ = {isa = PBXBuildFile; fileRef = 20076E132C8777AA00D79D60 /* Assets.xcassets */; };
		20076E172C8777AA00D79D60 /* Base in Resources */ = {isa = PBXBuildFile; fileRef = 20076E162C8777AA00D79D60 /* Base */; };
		20076E252C93DCB600D79D60 /* WelcomeController2.swift in Sources */ = {isa = PBXBuildFile; fileRef = 20076E242C93DCB600D79D60 /* WelcomeController2.swift */; };
		20076E272C93DCD700D79D60 /* WelcomeController1.swift in Sources */ = {isa = PBXBuildFile; fileRef = 20076E262C93DCD700D79D60 /* WelcomeController1.swift */; };
		20076E352CAA2BE000D79D60 /* WelcomeController3.swift in Sources */ = {isa = PBXBuildFile; fileRef = 20076E342CAA2BE000D79D60 /* WelcomeController3.swift */; };
		20076E372CAA4FCD00D79D60 /* WelcomeController4.swift in Sources */ = {isa = PBXBuildFile; fileRef = 20076E362CAA4FCD00D79D60 /* WelcomeController4.swift */; };
		20076E3A2CAB83AF00D79D60 /* OnboardingController1.swift in Sources */ = {isa = PBXBuildFile; fileRef = 20076E392CAB83AF00D79D60 /* OnboardingController1.swift */; };
		20076E5D2CB35DD300D79D60 /* OnboardingController2.swift in Sources */ = {isa = PBXBuildFile; fileRef = 20076E5C2CB35DD300D79D60 /* OnboardingController2.swift */; };
		20076E612CB4D3D400D79D60 /* GoogleService-Info.plist in Resources */ = {isa = PBXBuildFile; fileRef = 20076E602CB4D3D400D79D60 /* GoogleService-Info.plist */; };
		200FF9292D21C7CE00E5A017 /* NavigationButtons.swift in Sources */ = {isa = PBXBuildFile; fileRef = 200FF9282D21C7C800E5A017 /* NavigationButtons.swift */; };
		200FF92B2D3AE28400E5A017 /* OnboardingController3.swift in Sources */ = {isa = PBXBuildFile; fileRef = 200FF92A2D3AE27400E5A017 /* OnboardingController3.swift */; };
		200FF92F2D3AED9600E5A017 /* OnboardingProfile.swift in Sources */ = {isa = PBXBuildFile; fileRef = 200FF92E2D3AED8D00E5A017 /* OnboardingProfile.swift */; };
		200FF9312D3AF2C400E5A017 /* UploadPicture.swift in Sources */ = {isa = PBXBuildFile; fileRef = 200FF9302D3AF2B900E5A017 /* UploadPicture.swift */; };
		200FF9362D3C456800E5A017 /* NavigationBar.swift in Sources */ = {isa = PBXBuildFile; fileRef = 200FF9352D3C456400E5A017 /* NavigationBar.swift */; };
		200FF9382D3C5D1B00E5A017 /* Explore.swift in Sources */ = {isa = PBXBuildFile; fileRef = 200FF9372D3C5D1700E5A017 /* Explore.swift */; };
		200FF9412D3C757200E5A017 /* ImageFetcher.swift in Sources */ = {isa = PBXBuildFile; fileRef = 200FF9402D3C756B00E5A017 /* ImageFetcher.swift */; };
		200FF9452D3C95D700E5A017 /* RideCardView.swift in Sources */ = {isa = PBXBuildFile; fileRef = 200FF9442D3C95CD00E5A017 /* RideCardView.swift */; };
		200FF9472D3C97CD00E5A017 /* InfiniteScroll.swift in Sources */ = {isa = PBXBuildFile; fileRef = 200FF9462D3C97C900E5A017 /* InfiniteScroll.swift */; };
		200FF9492D3C97E400E5A017 /* ScrollCardsView.swift in Sources */ = {isa = PBXBuildFile; fileRef = 200FF9482D3C97DF00E5A017 /* ScrollCardsView.swift */; };
		200FF94D2D3CD2A900E5A017 /* Calendar.swift in Sources */ = {isa = PBXBuildFile; fileRef = 200FF94C2D3CD2A500E5A017 /* Calendar.swift */; };
		200FF9512D3CE5EF00E5A017 /* CalendarBar.swift in Sources */ = {isa = PBXBuildFile; fileRef = 200FF9502D3CE5E800E5A017 /* CalendarBar.swift */; };
		200FF9532D3CE60C00E5A017 /* RideRequestBar.swift in Sources */ = {isa = PBXBuildFile; fileRef = 200FF9522D3CE60900E5A017 /* RideRequestBar.swift */; };
		200FF9552D3CF30200E5A017 /* ToggleView.swift in Sources */ = {isa = PBXBuildFile; fileRef = 200FF9542D3CF2FB00E5A017 /* ToggleView.swift */; };
		20738A4E2D40127A00E6B0A8 /* FilterTextField.swift in Sources */ = {isa = PBXBuildFile; fileRef = 20738A4D2D40125700E6B0A8 /* FilterTextField.swift */; };
		20738A502D40291400E6B0A8 /* DateTextField.swift in Sources */ = {isa = PBXBuildFile; fileRef = 20738A4F2D40290E00E6B0A8 /* DateTextField.swift */; };
		20738A532D4048D500E6B0A8 /* RequestRideForm.swift in Sources */ = {isa = PBXBuildFile; fileRef = 20738A522D4048CF00E6B0A8 /* RequestRideForm.swift */; };
		20738A552D404D3000E6B0A8 /* TextFieldViewModel.swift in Sources */ = {isa = PBXBuildFile; fileRef = 20738A542D404D1A00E6B0A8 /* TextFieldViewModel.swift */; };
		20738A572D404FEA00E6B0A8 /* CustomTextFieldStyle.swift in Sources */ = {isa = PBXBuildFile; fileRef = 20738A562D404FE000E6B0A8 /* CustomTextFieldStyle.swift */; };
		20738A592D4051EA00E6B0A8 /* FancyRadioButton.swift in Sources */ = {isa = PBXBuildFile; fileRef = 20738A582D4051E100E6B0A8 /* FancyRadioButton.swift */; };
		20738A5C2D4052D800E6B0A8 /* SwappedRadioButton.swift in Sources */ = {isa = PBXBuildFile; fileRef = 20738A5B2D4052B500E6B0A8 /* SwappedRadioButton.swift */; };
		20738A642D407F2F00E6B0A8 /* SearchRides.swift in Sources */ = {isa = PBXBuildFile; fileRef = 20738A632D407F2B00E6B0A8 /* SearchRides.swift */; };
		20738A672D408A4900E6B0A8 /* DetailsPage.swift in Sources */ = {isa = PBXBuildFile; fileRef = 20738A662D408A4600E6B0A8 /* DetailsPage.swift */; };
		20738A6B2D408A9100E6B0A8 /* MapModel.swift in Sources */ = {isa = PBXBuildFile; fileRef = 20738A6A2D408A8F00E6B0A8 /* MapModel.swift */; };
		20738A6D2D408AAF00E6B0A8 /* MapView.swift in Sources */ = {isa = PBXBuildFile; fileRef = 20738A6C2D408AAD00E6B0A8 /* MapView.swift */; };
		20738A6F2D408AE400E6B0A8 /* LocationManager.swift in Sources */ = {isa = PBXBuildFile; fileRef = 20738A6E2D408AE000E6B0A8 /* LocationManager.swift */; };
		20738A742D41562A00E6B0A8 /* GroupView.swift in Sources */ = {isa = PBXBuildFile; fileRef = 20738A732D41561E00E6B0A8 /* GroupView.swift */; };
		20738A762D41563100E6B0A8 /* MyGroupView.swift in Sources */ = {isa = PBXBuildFile; fileRef = 20738A752D41562D00E6B0A8 /* MyGroupView.swift */; };
		20738A782D41569D00E6B0A8 /* GroupModel.swift in Sources */ = {isa = PBXBuildFile; fileRef = 20738A772D41569600E6B0A8 /* GroupModel.swift */; };
		20738A7A2D4166B600E6B0A8 /* CommunityGroupCardView.swift in Sources */ = {isa = PBXBuildFile; fileRef = 20738A792D4166B000E6B0A8 /* CommunityGroupCardView.swift */; };
		20738A7D2D41BA7F00E6B0A8 /* CommunityBar.swift in Sources */ = {isa = PBXBuildFile; fileRef = 20738A7C2D41BA6E00E6B0A8 /* CommunityBar.swift */; };
		20738A7F2D41BEDC00E6B0A8 /* DropDownMenu.swift in Sources */ = {isa = PBXBuildFile; fileRef = 20738A7E2D41BED800E6B0A8 /* DropDownMenu.swift */; };
		20738A822D41C44800E6B0A8 /* MessageModel.swift in Sources */ = {isa = PBXBuildFile; fileRef = 20738A812D41C44500E6B0A8 /* MessageModel.swift */; };
		20738A842D41C47A00E6B0A8 /* ChatViewModel.swift in Sources */ = {isa = PBXBuildFile; fileRef = 20738A832D41C47100E6B0A8 /* ChatViewModel.swift */; };
		20738A862D41C48900E6B0A8 /* ChatView.swift in Sources */ = {isa = PBXBuildFile; fileRef = 20738A852D41C48000E6B0A8 /* ChatView.swift */; };
		20738A882D41C8BB00E6B0A8 /* SearchBar.swift in Sources */ = {isa = PBXBuildFile; fileRef = 20738A872D41C8B800E6B0A8 /* SearchBar.swift */; };
		20738A8A2D41C95300E6B0A8 /* SearchButton.swift in Sources */ = {isa = PBXBuildFile; fileRef = 20738A892D41C94D00E6B0A8 /* SearchButton.swift */; };
		20738A8E2D42AAF900E6B0A8 /* CheckoutView.swift in Sources */ = {isa = PBXBuildFile; fileRef = 20738A8D2D42AAF700E6B0A8 /* CheckoutView.swift */; };
		20738A902D42AE5600E6B0A8 /* Numbers.swift in Sources */ = {isa = PBXBuildFile; fileRef = 20738A8F2D42AE4A00E6B0A8 /* Numbers.swift */; };
		20738A922D42B1FE00E6B0A8 /* Constants.swift in Sources */ = {isa = PBXBuildFile; fileRef = 20738A912D42B1FA00E6B0A8 /* Constants.swift */; };
		20BA9A4B2D3D9DF5006E44E9 /* User.swift in Sources */ = {isa = PBXBuildFile; fileRef = 20BA9A4A2D3D9DF1006E44E9 /* User.swift */; };
		20BA9A4D2D3DA188006E44E9 /* RequestRideCardView.swift in Sources */ = {isa = PBXBuildFile; fileRef = 20BA9A4C2D3DA183006E44E9 /* RequestRideCardView.swift */; };
		20BA9A4F2D3DA7F2006E44E9 /* DateFormatter.swift in Sources */ = {isa = PBXBuildFile; fileRef = 20BA9A4E2D3DA7EE006E44E9 /* DateFormatter.swift */; };
		20BA9A572D3DB862006E44E9 /* ViewGuests.swift in Sources */ = {isa = PBXBuildFile; fileRef = 20BA9A562D3DB852006E44E9 /* ViewGuests.swift */; };
		20BA9A5B2D3DBCE1006E44E9 /* ProfilePageView.swift in Sources */ = {isa = PBXBuildFile; fileRef = 20BA9A5A2D3DBCD5006E44E9 /* ProfilePageView.swift */; };
		20BA9A5D2D3EB932006E44E9 /* Buttons.swift in Sources */ = {isa = PBXBuildFile; fileRef = 20BA9A5C2D3EB930006E44E9 /* Buttons.swift */; };
		20BA9A5F2D3EBB90006E44E9 /* TripInfo.swift in Sources */ = {isa = PBXBuildFile; fileRef = 20BA9A5E2D3EBB89006E44E9 /* TripInfo.swift */; };
		20BA9A612D3ECB66006E44E9 /* Slider.swift in Sources */ = {isa = PBXBuildFile; fileRef = 20BA9A602D3ECB64006E44E9 /* Slider.swift */; };
/* End PBXBuildFile section */

/* Begin PBXFileReference section */
		20076E072C8777A900D79D60 /* travel.app */ = {isa = PBXFileReference; explicitFileType = wrapper.application; includeInIndex = 0; path = travel.app; sourceTree = BUILT_PRODUCTS_DIR; };
		20076E0A2C8777A900D79D60 /* AppDelegate.swift */ = {isa = PBXFileReference; lastKnownFileType = sourcecode.swift; path = AppDelegate.swift; sourceTree = "<group>"; };
		20076E0C2C8777A900D79D60 /* SceneDelegate.swift */ = {isa = PBXFileReference; lastKnownFileType = sourcecode.swift; path = SceneDelegate.swift; sourceTree = "<group>"; };
		20076E112C8777A900D79D60 /* Base */ = {isa = PBXFileReference; lastKnownFileType = file.storyboard; name = Base; path = Base.lproj/Main.storyboard; sourceTree = "<group>"; };
		20076E132C8777AA00D79D60 /* Assets.xcassets */ = {isa = PBXFileReference; lastKnownFileType = folder.assetcatalog; path = Assets.xcassets; sourceTree = "<group>"; };
		20076E162C8777AA00D79D60 /* Base */ = {isa = PBXFileReference; lastKnownFileType = file.storyboard; name = Base; path = Base.lproj/LaunchScreen.storyboard; sourceTree = "<group>"; };
		20076E182C8777AA00D79D60 /* Info.plist */ = {isa = PBXFileReference; lastKnownFileType = text.plist.xml; path = Info.plist; sourceTree = "<group>"; };
		20076E242C93DCB600D79D60 /* WelcomeController2.swift */ = {isa = PBXFileReference; lastKnownFileType = sourcecode.swift; path = WelcomeController2.swift; sourceTree = "<group>"; };
		20076E262C93DCD700D79D60 /* WelcomeController1.swift */ = {isa = PBXFileReference; lastKnownFileType = sourcecode.swift; path = WelcomeController1.swift; sourceTree = "<group>"; };
		20076E342CAA2BE000D79D60 /* WelcomeController3.swift */ = {isa = PBXFileReference; lastKnownFileType = sourcecode.swift; path = WelcomeController3.swift; sourceTree = "<group>"; };
		20076E362CAA4FCD00D79D60 /* WelcomeController4.swift */ = {isa = PBXFileReference; lastKnownFileType = sourcecode.swift; path = WelcomeController4.swift; sourceTree = "<group>"; };
		20076E392CAB83AF00D79D60 /* OnboardingController1.swift */ = {isa = PBXFileReference; lastKnownFileType = sourcecode.swift; path = OnboardingController1.swift; sourceTree = "<group>"; };
		20076E5C2CB35DD300D79D60 /* OnboardingController2.swift */ = {isa = PBXFileReference; lastKnownFileType = sourcecode.swift; path = OnboardingController2.swift; sourceTree = "<group>"; };
		20076E602CB4D3D400D79D60 /* GoogleService-Info.plist */ = {isa = PBXFileReference; fileEncoding = 4; lastKnownFileType = text.plist.xml; path = "GoogleService-Info.plist"; sourceTree = "<group>"; };
		200FF9282D21C7C800E5A017 /* NavigationButtons.swift */ = {isa = PBXFileReference; lastKnownFileType = sourcecode.swift; path = NavigationButtons.swift; sourceTree = "<group>"; };
		200FF92A2D3AE27400E5A017 /* OnboardingController3.swift */ = {isa = PBXFileReference; lastKnownFileType = sourcecode.swift; path = OnboardingController3.swift; sourceTree = "<group>"; };
		200FF92E2D3AED8D00E5A017 /* OnboardingProfile.swift */ = {isa = PBXFileReference; lastKnownFileType = sourcecode.swift; path = OnboardingProfile.swift; sourceTree = "<group>"; };
		200FF9302D3AF2B900E5A017 /* UploadPicture.swift */ = {isa = PBXFileReference; lastKnownFileType = sourcecode.swift; path = UploadPicture.swift; sourceTree = "<group>"; };
		200FF9352D3C456400E5A017 /* NavigationBar.swift */ = {isa = PBXFileReference; lastKnownFileType = sourcecode.swift; path = NavigationBar.swift; sourceTree = "<group>"; };
		200FF9372D3C5D1700E5A017 /* Explore.swift */ = {isa = PBXFileReference; lastKnownFileType = sourcecode.swift; path = Explore.swift; sourceTree = "<group>"; };
		200FF9402D3C756B00E5A017 /* ImageFetcher.swift */ = {isa = PBXFileReference; lastKnownFileType = sourcecode.swift; path = ImageFetcher.swift; sourceTree = "<group>"; };
		200FF9442D3C95CD00E5A017 /* RideCardView.swift */ = {isa = PBXFileReference; lastKnownFileType = sourcecode.swift; path = RideCardView.swift; sourceTree = "<group>"; };
		200FF9462D3C97C900E5A017 /* InfiniteScroll.swift */ = {isa = PBXFileReference; lastKnownFileType = sourcecode.swift; path = InfiniteScroll.swift; sourceTree = "<group>"; };
		200FF9482D3C97DF00E5A017 /* ScrollCardsView.swift */ = {isa = PBXFileReference; lastKnownFileType = sourcecode.swift; path = ScrollCardsView.swift; sourceTree = "<group>"; };
		200FF94C2D3CD2A500E5A017 /* Calendar.swift */ = {isa = PBXFileReference; lastKnownFileType = sourcecode.swift; path = Calendar.swift; sourceTree = "<group>"; };
		200FF9502D3CE5E800E5A017 /* CalendarBar.swift */ = {isa = PBXFileReference; lastKnownFileType = sourcecode.swift; path = CalendarBar.swift; sourceTree = "<group>"; };
		200FF9522D3CE60900E5A017 /* RideRequestBar.swift */ = {isa = PBXFileReference; lastKnownFileType = sourcecode.swift; path = RideRequestBar.swift; sourceTree = "<group>"; };
		200FF9542D3CF2FB00E5A017 /* ToggleView.swift */ = {isa = PBXFileReference; lastKnownFileType = sourcecode.swift; path = ToggleView.swift; sourceTree = "<group>"; };
		20738A4D2D40125700E6B0A8 /* FilterTextField.swift */ = {isa = PBXFileReference; lastKnownFileType = sourcecode.swift; path = FilterTextField.swift; sourceTree = "<group>"; };
		20738A4F2D40290E00E6B0A8 /* DateTextField.swift */ = {isa = PBXFileReference; lastKnownFileType = sourcecode.swift; path = DateTextField.swift; sourceTree = "<group>"; };
		20738A522D4048CF00E6B0A8 /* RequestRideForm.swift */ = {isa = PBXFileReference; lastKnownFileType = sourcecode.swift; path = RequestRideForm.swift; sourceTree = "<group>"; };
		20738A542D404D1A00E6B0A8 /* TextFieldViewModel.swift */ = {isa = PBXFileReference; lastKnownFileType = sourcecode.swift; path = TextFieldViewModel.swift; sourceTree = "<group>"; };
		20738A562D404FE000E6B0A8 /* CustomTextFieldStyle.swift */ = {isa = PBXFileReference; lastKnownFileType = sourcecode.swift; path = CustomTextFieldStyle.swift; sourceTree = "<group>"; };
		20738A582D4051E100E6B0A8 /* FancyRadioButton.swift */ = {isa = PBXFileReference; lastKnownFileType = sourcecode.swift; path = FancyRadioButton.swift; sourceTree = "<group>"; };
		20738A5B2D4052B500E6B0A8 /* SwappedRadioButton.swift */ = {isa = PBXFileReference; lastKnownFileType = sourcecode.swift; path = SwappedRadioButton.swift; sourceTree = "<group>"; };
		20738A632D407F2B00E6B0A8 /* SearchRides.swift */ = {isa = PBXFileReference; lastKnownFileType = sourcecode.swift; path = SearchRides.swift; sourceTree = "<group>"; };
		20738A662D408A4600E6B0A8 /* DetailsPage.swift */ = {isa = PBXFileReference; lastKnownFileType = sourcecode.swift; path = DetailsPage.swift; sourceTree = "<group>"; };
		20738A6A2D408A8F00E6B0A8 /* MapModel.swift */ = {isa = PBXFileReference; lastKnownFileType = sourcecode.swift; path = MapModel.swift; sourceTree = "<group>"; };
		20738A6C2D408AAD00E6B0A8 /* MapView.swift */ = {isa = PBXFileReference; lastKnownFileType = sourcecode.swift; path = MapView.swift; sourceTree = "<group>"; };
		20738A6E2D408AE000E6B0A8 /* LocationManager.swift */ = {isa = PBXFileReference; lastKnownFileType = sourcecode.swift; path = LocationManager.swift; sourceTree = "<group>"; };
		20738A732D41561E00E6B0A8 /* GroupView.swift */ = {isa = PBXFileReference; lastKnownFileType = sourcecode.swift; path = GroupView.swift; sourceTree = "<group>"; };
		20738A752D41562D00E6B0A8 /* MyGroupView.swift */ = {isa = PBXFileReference; lastKnownFileType = sourcecode.swift; path = MyGroupView.swift; sourceTree = "<group>"; };
		20738A772D41569600E6B0A8 /* GroupModel.swift */ = {isa = PBXFileReference; lastKnownFileType = sourcecode.swift; path = GroupModel.swift; sourceTree = "<group>"; };
		20738A792D4166B000E6B0A8 /* CommunityGroupCardView.swift */ = {isa = PBXFileReference; lastKnownFileType = sourcecode.swift; path = CommunityGroupCardView.swift; sourceTree = "<group>"; };
		20738A7C2D41BA6E00E6B0A8 /* CommunityBar.swift */ = {isa = PBXFileReference; lastKnownFileType = sourcecode.swift; path = CommunityBar.swift; sourceTree = "<group>"; };
		20738A7E2D41BED800E6B0A8 /* DropDownMenu.swift */ = {isa = PBXFileReference; lastKnownFileType = sourcecode.swift; path = DropDownMenu.swift; sourceTree = "<group>"; };
		20738A812D41C44500E6B0A8 /* MessageModel.swift */ = {isa = PBXFileReference; lastKnownFileType = sourcecode.swift; path = MessageModel.swift; sourceTree = "<group>"; };
		20738A832D41C47100E6B0A8 /* ChatViewModel.swift */ = {isa = PBXFileReference; lastKnownFileType = sourcecode.swift; path = ChatViewModel.swift; sourceTree = "<group>"; };
		20738A852D41C48000E6B0A8 /* ChatView.swift */ = {isa = PBXFileReference; lastKnownFileType = sourcecode.swift; path = ChatView.swift; sourceTree = "<group>"; };
		20738A872D41C8B800E6B0A8 /* SearchBar.swift */ = {isa = PBXFileReference; lastKnownFileType = sourcecode.swift; path = SearchBar.swift; sourceTree = "<group>"; };
		20738A892D41C94D00E6B0A8 /* SearchButton.swift */ = {isa = PBXFileReference; lastKnownFileType = sourcecode.swift; path = SearchButton.swift; sourceTree = "<group>"; };
		20738A8D2D42AAF700E6B0A8 /* CheckoutView.swift */ = {isa = PBXFileReference; lastKnownFileType = sourcecode.swift; path = CheckoutView.swift; sourceTree = "<group>"; };
		20738A8F2D42AE4A00E6B0A8 /* Numbers.swift */ = {isa = PBXFileReference; lastKnownFileType = sourcecode.swift; path = Numbers.swift; sourceTree = "<group>"; };
		20738A912D42B1FA00E6B0A8 /* Constants.swift */ = {isa = PBXFileReference; lastKnownFileType = sourcecode.swift; path = Constants.swift; sourceTree = "<group>"; };
		20BA9A4A2D3D9DF1006E44E9 /* User.swift */ = {isa = PBXFileReference; lastKnownFileType = sourcecode.swift; path = User.swift; sourceTree = "<group>"; };
		20BA9A4C2D3DA183006E44E9 /* RequestRideCardView.swift */ = {isa = PBXFileReference; lastKnownFileType = sourcecode.swift; path = RequestRideCardView.swift; sourceTree = "<group>"; };
		20BA9A4E2D3DA7EE006E44E9 /* DateFormatter.swift */ = {isa = PBXFileReference; lastKnownFileType = sourcecode.swift; path = DateFormatter.swift; sourceTree = "<group>"; };
		20BA9A562D3DB852006E44E9 /* ViewGuests.swift */ = {isa = PBXFileReference; lastKnownFileType = sourcecode.swift; path = ViewGuests.swift; sourceTree = "<group>"; };
		20BA9A5A2D3DBCD5006E44E9 /* ProfilePageView.swift */ = {isa = PBXFileReference; lastKnownFileType = sourcecode.swift; path = ProfilePageView.swift; sourceTree = "<group>"; };
		20BA9A5C2D3EB930006E44E9 /* Buttons.swift */ = {isa = PBXFileReference; lastKnownFileType = sourcecode.swift; path = Buttons.swift; sourceTree = "<group>"; };
		20BA9A5E2D3EBB89006E44E9 /* TripInfo.swift */ = {isa = PBXFileReference; lastKnownFileType = sourcecode.swift; path = TripInfo.swift; sourceTree = "<group>"; };
		20BA9A602D3ECB64006E44E9 /* Slider.swift */ = {isa = PBXFileReference; lastKnownFileType = sourcecode.swift; path = Slider.swift; sourceTree = "<group>"; };
		CE54AF26BEA8F3DCFF626DC8 /* Pods_travel.framework */ = {isa = PBXFileReference; explicitFileType = wrapper.framework; includeInIndex = 0; path = Pods_travel.framework; sourceTree = BUILT_PRODUCTS_DIR; };
/* End PBXFileReference section */

/* Begin PBXFrameworksBuildPhase section */
		20076E042C8777A900D79D60 /* Frameworks */ = {
			isa = PBXFrameworksBuildPhase;
			buildActionMask = 2147483647;
			files = (
			);
			runOnlyForDeploymentPostprocessing = 0;
		};
/* End PBXFrameworksBuildPhase section */

/* Begin PBXGroup section */
		0FF7E0D3E8949BA8AE42A7EE /* Frameworks */ = {
			isa = PBXGroup;
			children = (
				CE54AF26BEA8F3DCFF626DC8 /* Pods_travel.framework */,
			);
			name = Frameworks;
			sourceTree = "<group>";
		};
		20076DFE2C8777A900D79D60 = {
			isa = PBXGroup;
			children = (
				20076E092C8777A900D79D60 /* travel */,
				20076E082C8777A900D79D60 /* Products */,
				0FF7E0D3E8949BA8AE42A7EE /* Frameworks */,
			);
			sourceTree = "<group>";
		};
		20076E082C8777A900D79D60 /* Products */ = {
			isa = PBXGroup;
			children = (
				20076E072C8777A900D79D60 /* travel.app */,
			);
			name = Products;
			sourceTree = "<group>";
		};
		20076E092C8777A900D79D60 /* travel */ = {
			isa = PBXGroup;
			children = (
				200FF93F2D3C755F00E5A017 /* Models */,
				20076E602CB4D3D400D79D60 /* GoogleService-Info.plist */,
				20076E302CA0E23A00D79D60 /* Views */,
				20076E212C93DC9A00D79D60 /* Controllers */,
				20076E0A2C8777A900D79D60 /* AppDelegate.swift */,
				20076E0C2C8777A900D79D60 /* SceneDelegate.swift */,
				20076E102C8777A900D79D60 /* Main.storyboard */,
				20076E132C8777AA00D79D60 /* Assets.xcassets */,
				20076E152C8777AA00D79D60 /* LaunchScreen.storyboard */,
				20076E182C8777AA00D79D60 /* Info.plist */,
			);
			path = travel;
			sourceTree = "<group>";
		};
		20076E212C93DC9A00D79D60 /* Controllers */ = {
			isa = PBXGroup;
			children = (
				20738A802D41C42900E6B0A8 /* Messenger */,
				20738A7B2D416D1000E6B0A8 /* Scroll */,
				20738A702D4155F300E6B0A8 /* CommunityGroups */,
				20738A652D408A3100E6B0A8 /* ReserveRide */,
				20738A622D407F2300E6B0A8 /* SearchRides */,
				20738A512D4048C800E6B0A8 /* RequestRide */,
				20BA9A592D3DBCCF006E44E9 /* ProfilePage */,
				200FF9342D3C44F400E5A017 /* MainPage */,
				20076E3B2CAB83B900D79D60 /* Welcome */,
				20076E382CAB839900D79D60 /* Onboarding */,
			);
			path = Controllers;
			sourceTree = "<group>";
		};
		20076E302CA0E23A00D79D60 /* Views */ = {
			isa = PBXGroup;
			children = (
				20738A5A2D40524200E6B0A8 /* RadioButtons */,
				20BA9A602D3ECB64006E44E9 /* Slider.swift */,
				20BA9A562D3DB852006E44E9 /* ViewGuests.swift */,
				200FF9352D3C456400E5A017 /* NavigationBar.swift */,
				200FF9302D3AF2B900E5A017 /* UploadPicture.swift */,
				200FF9282D21C7C800E5A017 /* NavigationButtons.swift */,
			);
			path = Views;
			sourceTree = "<group>";
		};
		20076E382CAB839900D79D60 /* Onboarding */ = {
			isa = PBXGroup;
			children = (
				20076E392CAB83AF00D79D60 /* OnboardingController1.swift */,
				20076E5C2CB35DD300D79D60 /* OnboardingController2.swift */,
				200FF92A2D3AE27400E5A017 /* OnboardingController3.swift */,
				200FF92E2D3AED8D00E5A017 /* OnboardingProfile.swift */,
			);
			path = Onboarding;
			sourceTree = "<group>";
		};
		20076E3B2CAB83B900D79D60 /* Welcome */ = {
			isa = PBXGroup;
			children = (
				20076E362CAA4FCD00D79D60 /* WelcomeController4.swift */,
				20076E342CAA2BE000D79D60 /* WelcomeController3.swift */,
				20076E242C93DCB600D79D60 /* WelcomeController2.swift */,
				20076E262C93DCD700D79D60 /* WelcomeController1.swift */,
			);
			path = Welcome;
			sourceTree = "<group>";
		};
		200FF9342D3C44F400E5A017 /* MainPage */ = {
			isa = PBXGroup;
			children = (
				20738A892D41C94D00E6B0A8 /* SearchButton.swift */,
				20BA9A532D3DB6B0006E44E9 /* Bars */,
				20BA9A522D3DB670006E44E9 /* CardViews */,
				200FF9372D3C5D1700E5A017 /* Explore.swift */,
				200FF94C2D3CD2A500E5A017 /* Calendar.swift */,
				200FF9542D3CF2FB00E5A017 /* ToggleView.swift */,
			);
			path = MainPage;
			sourceTree = "<group>";
		};
		200FF93F2D3C755F00E5A017 /* Models */ = {
			isa = PBXGroup;
			children = (
				20738A912D42B1FA00E6B0A8 /* Constants.swift */,
				20738A812D41C44500E6B0A8 /* MessageModel.swift */,
				20738A772D41569600E6B0A8 /* GroupModel.swift */,
				20738A6A2D408A8F00E6B0A8 /* MapModel.swift */,
				20738A562D404FE000E6B0A8 /* CustomTextFieldStyle.swift */,
				20BA9A5E2D3EBB89006E44E9 /* TripInfo.swift */,
				20BA9A4E2D3DA7EE006E44E9 /* DateFormatter.swift */,
				20BA9A4A2D3D9DF1006E44E9 /* User.swift */,
				200FF9402D3C756B00E5A017 /* ImageFetcher.swift */,
				20738A542D404D1A00E6B0A8 /* TextFieldViewModel.swift */,
			);
			path = Models;
			sourceTree = "<group>";
		};
		20738A512D4048C800E6B0A8 /* RequestRide */ = {
			isa = PBXGroup;
			children = (
				20738A522D4048CF00E6B0A8 /* RequestRideForm.swift */,
				20738A4F2D40290E00E6B0A8 /* DateTextField.swift */,
				20738A4D2D40125700E6B0A8 /* FilterTextField.swift */,
			);
			path = RequestRide;
			sourceTree = "<group>";
		};
		20738A5A2D40524200E6B0A8 /* RadioButtons */ = {
			isa = PBXGroup;
			children = (
				20738A5B2D4052B500E6B0A8 /* SwappedRadioButton.swift */,
				20738A582D4051E100E6B0A8 /* FancyRadioButton.swift */,
			);
			path = RadioButtons;
			sourceTree = "<group>";
		};
		20738A622D407F2300E6B0A8 /* SearchRides */ = {
			isa = PBXGroup;
			children = (
				20738A632D407F2B00E6B0A8 /* SearchRides.swift */,
			);
			path = SearchRides;
			sourceTree = "<group>";
		};
		20738A652D408A3100E6B0A8 /* ReserveRide */ = {
			isa = PBXGroup;
			children = (
				20738A8C2D42AAD700E6B0A8 /* Checkout */,
				20738A6E2D408AE000E6B0A8 /* LocationManager.swift */,
				20738A6C2D408AAD00E6B0A8 /* MapView.swift */,
				20738A662D408A4600E6B0A8 /* DetailsPage.swift */,
			);
			path = ReserveRide;
			sourceTree = "<group>";
		};
		20738A702D4155F300E6B0A8 /* CommunityGroups */ = {
			isa = PBXGroup;
			children = (
				20738A872D41C8B800E6B0A8 /* SearchBar.swift */,
				20738A7E2D41BED800E6B0A8 /* DropDownMenu.swift */,
				20738A7C2D41BA6E00E6B0A8 /* CommunityBar.swift */,
				20738A792D4166B000E6B0A8 /* CommunityGroupCardView.swift */,
				20738A752D41562D00E6B0A8 /* MyGroupView.swift */,
				20738A732D41561E00E6B0A8 /* GroupView.swift */,
			);
			path = CommunityGroups;
			sourceTree = "<group>";
		};
		20738A7B2D416D1000E6B0A8 /* Scroll */ = {
			isa = PBXGroup;
			children = (
				200FF9482D3C97DF00E5A017 /* ScrollCardsView.swift */,
				200FF9462D3C97C900E5A017 /* InfiniteScroll.swift */,
			);
			path = Scroll;
			sourceTree = "<group>";
		};
		20738A802D41C42900E6B0A8 /* Messenger */ = {
			isa = PBXGroup;
			children = (
				20738A852D41C48000E6B0A8 /* ChatView.swift */,
				20738A832D41C47100E6B0A8 /* ChatViewModel.swift */,
			);
			path = Messenger;
			sourceTree = "<group>";
		};
		20738A8C2D42AAD700E6B0A8 /* Checkout */ = {
			isa = PBXGroup;
			children = (
				20738A8F2D42AE4A00E6B0A8 /* Numbers.swift */,
				20738A8D2D42AAF700E6B0A8 /* CheckoutView.swift */,
			);
			path = Checkout;
			sourceTree = "<group>";
		};
		20BA9A522D3DB670006E44E9 /* CardViews */ = {
			isa = PBXGroup;
			children = (
				200FF9442D3C95CD00E5A017 /* RideCardView.swift */,
				20BA9A4C2D3DA183006E44E9 /* RequestRideCardView.swift */,
			);
			path = CardViews;
			sourceTree = "<group>";
		};
		20BA9A532D3DB6B0006E44E9 /* Bars */ = {
			isa = PBXGroup;
			children = (
				200FF9502D3CE5E800E5A017 /* CalendarBar.swift */,
				200FF9522D3CE60900E5A017 /* RideRequestBar.swift */,
			);
			path = Bars;
			sourceTree = "<group>";
		};
		20BA9A592D3DBCCF006E44E9 /* ProfilePage */ = {
			isa = PBXGroup;
			children = (
				20BA9A5C2D3EB930006E44E9 /* Buttons.swift */,
				20BA9A5A2D3DBCD5006E44E9 /* ProfilePageView.swift */,
			);
			path = ProfilePage;
			sourceTree = "<group>";
		};
/* End PBXGroup section */

/* Begin PBXNativeTarget section */
		20076E062C8777A900D79D60 /* travel */ = {
			isa = PBXNativeTarget;
			buildConfigurationList = 20076E1B2C8777AA00D79D60 /* Build configuration list for PBXNativeTarget "travel" */;
			buildPhases = (
				20076E032C8777A900D79D60 /* Sources */,
				20076E042C8777A900D79D60 /* Frameworks */,
				20076E052C8777A900D79D60 /* Resources */,
			);
			buildRules = (
			);
			dependencies = (
			);
			name = travel;
			productName = travel;
			productReference = 20076E072C8777A900D79D60 /* travel.app */;
			productType = "com.apple.product-type.application";
		};
/* End PBXNativeTarget section */

/* Begin PBXProject section */
		20076DFF2C8777A900D79D60 /* Project object */ = {
			isa = PBXProject;
			attributes = {
				BuildIndependentTargetsInParallel = 1;
				LastSwiftUpdateCheck = 1540;
				LastUpgradeCheck = 1540;
				TargetAttributes = {
					20076E062C8777A900D79D60 = {
						CreatedOnToolsVersion = 15.4;
					};
				};
			};
			buildConfigurationList = 20076E022C8777A900D79D60 /* Build configuration list for PBXProject "travel" */;
			compatibilityVersion = "Xcode 14.0";
			developmentRegion = en;
			hasScannedForEncodings = 0;
			knownRegions = (
				en,
				Base,
			);
			mainGroup = 20076DFE2C8777A900D79D60;
			productRefGroup = 20076E082C8777A900D79D60 /* Products */;
			projectDirPath = "";
			projectRoot = "";
			targets = (
				20076E062C8777A900D79D60 /* travel */,
			);
		};
/* End PBXProject section */

/* Begin PBXResourcesBuildPhase section */
		20076E052C8777A900D79D60 /* Resources */ = {
			isa = PBXResourcesBuildPhase;
			buildActionMask = 2147483647;
			files = (
				20076E142C8777AA00D79D60 /* Assets.xcassets in Resources */,
				20076E612CB4D3D400D79D60 /* GoogleService-Info.plist in Resources */,
				20076E172C8777AA00D79D60 /* Base in Resources */,
				20076E122C8777A900D79D60 /* Base in Resources */,
			);
			runOnlyForDeploymentPostprocessing = 0;
		};
/* End PBXResourcesBuildPhase section */

/* Begin PBXSourcesBuildPhase section */
		20076E032C8777A900D79D60 /* Sources */ = {
			isa = PBXSourcesBuildPhase;
			buildActionMask = 2147483647;
			files = (
				20076E272C93DCD700D79D60 /* WelcomeController1.swift in Sources */,
				200FF9532D3CE60C00E5A017 /* RideRequestBar.swift in Sources */,
				200FF9472D3C97CD00E5A017 /* InfiniteScroll.swift in Sources */,
				20738A7A2D4166B600E6B0A8 /* CommunityGroupCardView.swift in Sources */,
				20738A6F2D408AE400E6B0A8 /* LocationManager.swift in Sources */,
				200FF9552D3CF30200E5A017 /* ToggleView.swift in Sources */,
				20738A6B2D408A9100E6B0A8 /* MapModel.swift in Sources */,
				20738A902D42AE5600E6B0A8 /* Numbers.swift in Sources */,
				20738A7D2D41BA7F00E6B0A8 /* CommunityBar.swift in Sources */,
				20738A8E2D42AAF900E6B0A8 /* CheckoutView.swift in Sources */,
				20BA9A612D3ECB66006E44E9 /* Slider.swift in Sources */,
				200FF9292D21C7CE00E5A017 /* NavigationButtons.swift in Sources */,
				20BA9A4B2D3D9DF5006E44E9 /* User.swift in Sources */,
				20738A782D41569D00E6B0A8 /* GroupModel.swift in Sources */,
				200FF92F2D3AED9600E5A017 /* OnboardingProfile.swift in Sources */,
				200FF9412D3C757200E5A017 /* ImageFetcher.swift in Sources */,
				200FF9512D3CE5EF00E5A017 /* CalendarBar.swift in Sources */,
				20738A552D404D3000E6B0A8 /* TextFieldViewModel.swift in Sources */,
				20BA9A572D3DB862006E44E9 /* ViewGuests.swift in Sources */,
				20076E0B2C8777A900D79D60 /* AppDelegate.swift in Sources */,
				20738A592D4051EA00E6B0A8 /* FancyRadioButton.swift in Sources */,
				200FF9362D3C456800E5A017 /* NavigationBar.swift in Sources */,
				20738A672D408A4900E6B0A8 /* DetailsPage.swift in Sources */,
				20738A572D404FEA00E6B0A8 /* CustomTextFieldStyle.swift in Sources */,
				200FF9382D3C5D1B00E5A017 /* Explore.swift in Sources */,
				20738A642D407F2F00E6B0A8 /* SearchRides.swift in Sources */,
				20BA9A5B2D3DBCE1006E44E9 /* ProfilePageView.swift in Sources */,
				20076E252C93DCB600D79D60 /* WelcomeController2.swift in Sources */,
				20738A762D41563100E6B0A8 /* MyGroupView.swift in Sources */,
				20076E5D2CB35DD300D79D60 /* OnboardingController2.swift in Sources */,
				200FF9452D3C95D700E5A017 /* RideCardView.swift in Sources */,
				20738A6D2D408AAF00E6B0A8 /* MapView.swift in Sources */,
				200FF9492D3C97E400E5A017 /* ScrollCardsView.swift in Sources */,
				20076E372CAA4FCD00D79D60 /* WelcomeController4.swift in Sources */,
				20738A862D41C48900E6B0A8 /* ChatView.swift in Sources */,
				200FF94D2D3CD2A900E5A017 /* Calendar.swift in Sources */,
				200FF9312D3AF2C400E5A017 /* UploadPicture.swift in Sources */,
				20738A8A2D41C95300E6B0A8 /* SearchButton.swift in Sources */,
				20BA9A5D2D3EB932006E44E9 /* Buttons.swift in Sources */,
				20738A922D42B1FE00E6B0A8 /* Constants.swift in Sources */,
				20BA9A4D2D3DA188006E44E9 /* RequestRideCardView.swift in Sources */,
				20076E352CAA2BE000D79D60 /* WelcomeController3.swift in Sources */,
				20BA9A5F2D3EBB90006E44E9 /* TripInfo.swift in Sources */,
				20076E3A2CAB83AF00D79D60 /* OnboardingController1.swift in Sources */,
				20738A882D41C8BB00E6B0A8 /* SearchBar.swift in Sources */,
				20738A7F2D41BEDC00E6B0A8 /* DropDownMenu.swift in Sources */,
				20738A842D41C47A00E6B0A8 /* ChatViewModel.swift in Sources */,
				20BA9A4F2D3DA7F2006E44E9 /* DateFormatter.swift in Sources */,
				200FF92B2D3AE28400E5A017 /* OnboardingController3.swift in Sources */,
				20076E0D2C8777A900D79D60 /* SceneDelegate.swift in Sources */,
				20738A502D40291400E6B0A8 /* DateTextField.swift in Sources */,
				20738A822D41C44800E6B0A8 /* MessageModel.swift in Sources */,
				20738A4E2D40127A00E6B0A8 /* FilterTextField.swift in Sources */,
				20738A5C2D4052D800E6B0A8 /* SwappedRadioButton.swift in Sources */,
				20738A742D41562A00E6B0A8 /* GroupView.swift in Sources */,
				20738A532D4048D500E6B0A8 /* RequestRideForm.swift in Sources */,
			);
			runOnlyForDeploymentPostprocessing = 0;
		};
/* End PBXSourcesBuildPhase section */

/* Begin PBXVariantGroup section */
		20076E102C8777A900D79D60 /* Main.storyboard */ = {
			isa = PBXVariantGroup;
			children = (
				20076E112C8777A900D79D60 /* Base */,
			);
			name = Main.storyboard;
			sourceTree = "<group>";
		};
		20076E152C8777AA00D79D60 /* LaunchScreen.storyboard */ = {
			isa = PBXVariantGroup;
			children = (
				20076E162C8777AA00D79D60 /* Base */,
			);
			name = LaunchScreen.storyboard;
			sourceTree = "<group>";
		};
/* End PBXVariantGroup section */

/* Begin XCBuildConfiguration section */
		20076E192C8777AA00D79D60 /* Debug */ = {
			isa = XCBuildConfiguration;
			buildSettings = {
				ALWAYS_SEARCH_USER_PATHS = NO;
				ASSETCATALOG_COMPILER_GENERATE_SWIFT_ASSET_SYMBOL_EXTENSIONS = YES;
				CLANG_ANALYZER_NONNULL = YES;
				CLANG_ANALYZER_NUMBER_OBJECT_CONVERSION = YES_AGGRESSIVE;
				CLANG_CXX_LANGUAGE_STANDARD = "gnu++20";
				CLANG_ENABLE_MODULES = YES;
				CLANG_ENABLE_OBJC_ARC = YES;
				CLANG_ENABLE_OBJC_WEAK = YES;
				CLANG_WARN_BLOCK_CAPTURE_AUTORELEASING = YES;
				CLANG_WARN_BOOL_CONVERSION = YES;
				CLANG_WARN_COMMA = YES;
				CLANG_WARN_CONSTANT_CONVERSION = YES;
				CLANG_WARN_DEPRECATED_OBJC_IMPLEMENTATIONS = YES;
				CLANG_WARN_DIRECT_OBJC_ISA_USAGE = YES_ERROR;
				CLANG_WARN_DOCUMENTATION_COMMENTS = YES;
				CLANG_WARN_EMPTY_BODY = YES;
				CLANG_WARN_ENUM_CONVERSION = YES;
				CLANG_WARN_INFINITE_RECURSION = YES;
				CLANG_WARN_INT_CONVERSION = YES;
				CLANG_WARN_NON_LITERAL_NULL_CONVERSION = YES;
				CLANG_WARN_OBJC_IMPLICIT_RETAIN_SELF = YES;
				CLANG_WARN_OBJC_LITERAL_CONVERSION = YES;
				CLANG_WARN_OBJC_ROOT_CLASS = YES_ERROR;
				CLANG_WARN_QUOTED_INCLUDE_IN_FRAMEWORK_HEADER = YES;
				CLANG_WARN_RANGE_LOOP_ANALYSIS = YES;
				CLANG_WARN_STRICT_PROTOTYPES = YES;
				CLANG_WARN_SUSPICIOUS_MOVE = YES;
				CLANG_WARN_UNGUARDED_AVAILABILITY = YES_AGGRESSIVE;
				CLANG_WARN_UNREACHABLE_CODE = YES;
				CLANG_WARN__DUPLICATE_METHOD_MATCH = YES;
				COPY_PHASE_STRIP = NO;
				DEBUG_INFORMATION_FORMAT = dwarf;
				ENABLE_STRICT_OBJC_MSGSEND = YES;
				ENABLE_TESTABILITY = YES;
				ENABLE_USER_SCRIPT_SANDBOXING = YES;
				GCC_C_LANGUAGE_STANDARD = gnu17;
				GCC_DYNAMIC_NO_PIC = NO;
				GCC_NO_COMMON_BLOCKS = YES;
				GCC_OPTIMIZATION_LEVEL = 0;
				GCC_PREPROCESSOR_DEFINITIONS = (
					"DEBUG=1",
					"$(inherited)",
				);
				GCC_WARN_64_TO_32_BIT_CONVERSION = YES;
				GCC_WARN_ABOUT_RETURN_TYPE = YES_ERROR;
				GCC_WARN_UNDECLARED_SELECTOR = YES;
				GCC_WARN_UNINITIALIZED_AUTOS = YES_AGGRESSIVE;
				GCC_WARN_UNUSED_FUNCTION = YES;
				GCC_WARN_UNUSED_VARIABLE = YES;
				IPHONEOS_DEPLOYMENT_TARGET = 17.5;
				LOCALIZATION_PREFERS_STRING_CATALOGS = YES;
				MTL_ENABLE_DEBUG_INFO = INCLUDE_SOURCE;
				MTL_FAST_MATH = YES;
				ONLY_ACTIVE_ARCH = YES;
				SDKROOT = iphoneos;
				SWIFT_ACTIVE_COMPILATION_CONDITIONS = "DEBUG $(inherited)";
				SWIFT_OPTIMIZATION_LEVEL = "-Onone";
			};
			name = Debug;
		};
		20076E1A2C8777AA00D79D60 /* Release */ = {
			isa = XCBuildConfiguration;
			buildSettings = {
				ALWAYS_SEARCH_USER_PATHS = NO;
				ASSETCATALOG_COMPILER_GENERATE_SWIFT_ASSET_SYMBOL_EXTENSIONS = YES;
				CLANG_ANALYZER_NONNULL = YES;
				CLANG_ANALYZER_NUMBER_OBJECT_CONVERSION = YES_AGGRESSIVE;
				CLANG_CXX_LANGUAGE_STANDARD = "gnu++20";
				CLANG_ENABLE_MODULES = YES;
				CLANG_ENABLE_OBJC_ARC = YES;
				CLANG_ENABLE_OBJC_WEAK = YES;
				CLANG_WARN_BLOCK_CAPTURE_AUTORELEASING = YES;
				CLANG_WARN_BOOL_CONVERSION = YES;
				CLANG_WARN_COMMA = YES;
				CLANG_WARN_CONSTANT_CONVERSION = YES;
				CLANG_WARN_DEPRECATED_OBJC_IMPLEMENTATIONS = YES;
				CLANG_WARN_DIRECT_OBJC_ISA_USAGE = YES_ERROR;
				CLANG_WARN_DOCUMENTATION_COMMENTS = YES;
				CLANG_WARN_EMPTY_BODY = YES;
				CLANG_WARN_ENUM_CONVERSION = YES;
				CLANG_WARN_INFINITE_RECURSION = YES;
				CLANG_WARN_INT_CONVERSION = YES;
				CLANG_WARN_NON_LITERAL_NULL_CONVERSION = YES;
				CLANG_WARN_OBJC_IMPLICIT_RETAIN_SELF = YES;
				CLANG_WARN_OBJC_LITERAL_CONVERSION = YES;
				CLANG_WARN_OBJC_ROOT_CLASS = YES_ERROR;
				CLANG_WARN_QUOTED_INCLUDE_IN_FRAMEWORK_HEADER = YES;
				CLANG_WARN_RANGE_LOOP_ANALYSIS = YES;
				CLANG_WARN_STRICT_PROTOTYPES = YES;
				CLANG_WARN_SUSPICIOUS_MOVE = YES;
				CLANG_WARN_UNGUARDED_AVAILABILITY = YES_AGGRESSIVE;
				CLANG_WARN_UNREACHABLE_CODE = YES;
				CLANG_WARN__DUPLICATE_METHOD_MATCH = YES;
				COPY_PHASE_STRIP = NO;
				DEBUG_INFORMATION_FORMAT = "dwarf-with-dsym";
				ENABLE_NS_ASSERTIONS = NO;
				ENABLE_STRICT_OBJC_MSGSEND = YES;
				ENABLE_USER_SCRIPT_SANDBOXING = YES;
				GCC_C_LANGUAGE_STANDARD = gnu17;
				GCC_NO_COMMON_BLOCKS = YES;
				GCC_WARN_64_TO_32_BIT_CONVERSION = YES;
				GCC_WARN_ABOUT_RETURN_TYPE = YES_ERROR;
				GCC_WARN_UNDECLARED_SELECTOR = YES;
				GCC_WARN_UNINITIALIZED_AUTOS = YES_AGGRESSIVE;
				GCC_WARN_UNUSED_FUNCTION = YES;
				GCC_WARN_UNUSED_VARIABLE = YES;
				IPHONEOS_DEPLOYMENT_TARGET = 17.5;
				LOCALIZATION_PREFERS_STRING_CATALOGS = YES;
				MTL_ENABLE_DEBUG_INFO = NO;
				MTL_FAST_MATH = YES;
				SDKROOT = iphoneos;
				SWIFT_COMPILATION_MODE = wholemodule;
				VALIDATE_PRODUCT = YES;
			};
			name = Release;
		};
		20076E1C2C8777AA00D79D60 /* Debug */ = {
			isa = XCBuildConfiguration;
			buildSettings = {
				ASSETCATALOG_COMPILER_APPICON_NAME = AppIcon;
				ASSETCATALOG_COMPILER_GLOBAL_ACCENT_COLOR_NAME = AccentColor;
				CODE_SIGN_IDENTITY = "Apple Development";
				CODE_SIGN_STYLE = Automatic;
				CURRENT_PROJECT_VERSION = 1;
				DEVELOPMENT_TEAM = 29FJKPJN53;
				GENERATE_INFOPLIST_FILE = YES;
				INFOPLIST_FILE = travel/Info.plist;
				INFOPLIST_KEY_UIApplicationSupportsIndirectInputEvents = YES;
				INFOPLIST_KEY_UILaunchStoryboardName = LaunchScreen;
				INFOPLIST_KEY_UIMainStoryboardFile = Main;
				INFOPLIST_KEY_UISupportedInterfaceOrientations_iPad = "UIInterfaceOrientationPortrait UIInterfaceOrientationPortraitUpsideDown UIInterfaceOrientationLandscapeLeft UIInterfaceOrientationLandscapeRight";
				INFOPLIST_KEY_UISupportedInterfaceOrientations_iPhone = "UIInterfaceOrientationPortrait UIInterfaceOrientationLandscapeLeft UIInterfaceOrientationLandscapeRight";
				LD_RUNPATH_SEARCH_PATHS = (
					"$(inherited)",
					"@executable_path/Frameworks",
				);
				MARKETING_VERSION = 1.0;
				PRODUCT_BUNDLE_IDENTIFIER = com.Lin.travel;
				PRODUCT_NAME = "$(TARGET_NAME)";
				PROVISIONING_PROFILE_SPECIFIER = "";
				SWIFT_EMIT_LOC_STRINGS = YES;
				SWIFT_VERSION = 5.0;
				TARGETED_DEVICE_FAMILY = "1,2";
			};
			name = Debug;
		};
		20076E1D2C8777AA00D79D60 /* Release */ = {
			isa = XCBuildConfiguration;
			buildSettings = {
				ASSETCATALOG_COMPILER_APPICON_NAME = AppIcon;
				ASSETCATALOG_COMPILER_GLOBAL_ACCENT_COLOR_NAME = AccentColor;
				CODE_SIGN_IDENTITY = "Apple Development";
				CODE_SIGN_STYLE = Automatic;
				CURRENT_PROJECT_VERSION = 1;
				DEVELOPMENT_TEAM = 29FJKPJN53;
				GENERATE_INFOPLIST_FILE = YES;
				INFOPLIST_FILE = travel/Info.plist;
				INFOPLIST_KEY_UIApplicationSupportsIndirectInputEvents = YES;
				INFOPLIST_KEY_UILaunchStoryboardName = LaunchScreen;
				INFOPLIST_KEY_UIMainStoryboardFile = Main;
				INFOPLIST_KEY_UISupportedInterfaceOrientations_iPad = "UIInterfaceOrientationPortrait UIInterfaceOrientationPortraitUpsideDown UIInterfaceOrientationLandscapeLeft UIInterfaceOrientationLandscapeRight";
				INFOPLIST_KEY_UISupportedInterfaceOrientations_iPhone = "UIInterfaceOrientationPortrait UIInterfaceOrientationLandscapeLeft UIInterfaceOrientationLandscapeRight";
				LD_RUNPATH_SEARCH_PATHS = (
					"$(inherited)",
					"@executable_path/Frameworks",
				);
				MARKETING_VERSION = 1.0;
				PRODUCT_BUNDLE_IDENTIFIER = com.Lin.travel;
				PRODUCT_NAME = "$(TARGET_NAME)";
				PROVISIONING_PROFILE_SPECIFIER = "";
				SWIFT_EMIT_LOC_STRINGS = YES;
				SWIFT_VERSION = 5.0;
				TARGETED_DEVICE_FAMILY = "1,2";
			};
			name = Release;
		};
/* End XCBuildConfiguration section */

/* Begin XCConfigurationList section */
		20076E022C8777A900D79D60 /* Build configuration list for PBXProject "travel" */ = {
			isa = XCConfigurationList;
			buildConfigurations = (
				20076E192C8777AA00D79D60 /* Debug */,
				20076E1A2C8777AA00D79D60 /* Release */,
			);
			defaultConfigurationIsVisible = 0;
			defaultConfigurationName = Release;
		};
		20076E1B2C8777AA00D79D60 /* Build configuration list for PBXNativeTarget "travel" */ = {
			isa = XCConfigurationList;
			buildConfigurations = (
				20076E1C2C8777AA00D79D60 /* Debug */,
				20076E1D2C8777AA00D79D60 /* Release */,
			);
			defaultConfigurationIsVisible = 0;
			defaultConfigurationName = Release;
		};
/* End XCConfigurationList section */
	};
	rootObject = 20076DFF2C8777A900D79D60 /* Project object */;
}
